
Microsoft Visual Studio Solution File, Format Version 12.00
# Visual Studio 2013
VisualStudioVersion = 12.0.40629.0
MinimumVisualStudioVersion = 10.0.40219.1
Project("{2150E333-8FDC-42A3-9474-1A3956D46DE8}") = ".paket", ".paket", "{06A8BBC4-2D28-4C6E-A1CD-2D26CD367F25}"
	ProjectSection(SolutionItems) = preProject
		paket.dependencies = paket.dependencies
	EndProjectSection
EndProject
Project("{FAE04EC0-301F-11D3-BF4B-00C04F79EFBC}") = "Inventory", "Inventory\Inventory.csproj", "{89B6FDA7-1C13-4808-AA21-A191D0E3FE34}"
EndProject
Project("{FAE04EC0-301F-11D3-BF4B-00C04F79EFBC}") = "Inventory.Web", "Inventory.Web\Inventory.Web.csproj", "{60E0AD85-E806-4272-82A1-374C63478928}"
EndProject
Project("{FAE04EC0-301F-11D3-BF4B-00C04F79EFBC}") = "Inventory.Persistence", "Inventory.Persistence\Inventory.Persistence.csproj", "{D133AE37-6A46-4767-BFB8-8DE44233A5FB}"
EndProject
Global
	GlobalSection(SolutionConfigurationPlatforms) = preSolution
		Debug|Any CPU = Debug|Any CPU
		Release|Any CPU = Release|Any CPU
	EndGlobalSection
	GlobalSection(ProjectConfigurationPlatforms) = postSolution
		{89B6FDA7-1C13-4808-AA21-A191D0E3FE34}.Debug|Any CPU.ActiveCfg = Debug|Any CPU
		{89B6FDA7-1C13-4808-AA21-A191D0E3FE34}.Debug|Any CPU.Build.0 = Debug|Any CPU
		{89B6FDA7-1C13-4808-AA21-A191D0E3FE34}.Release|Any CPU.ActiveCfg = Release|Any CPU
		{89B6FDA7-1C13-4808-AA21-A191D0E3FE34}.Release|Any CPU.Build.0 = Release|Any CPU
		{60E0AD85-E806-4272-82A1-374C63478928}.Debug|Any CPU.ActiveCfg = Debug|Any CPU
		{60E0AD85-E806-4272-82A1-374C63478928}.Debug|Any CPU.Build.0 = Debug|Any CPU
		{60E0AD85-E806-4272-82A1-374C63478928}.Release|Any CPU.ActiveCfg = Release|Any CPU
		{60E0AD85-E806-4272-82A1-374C63478928}.Release|Any CPU.Build.0 = Release|Any CPU
		{D133AE37-6A46-4767-BFB8-8DE44233A5FB}.Debug|Any CPU.ActiveCfg = Debug|Any CPU
		{D133AE37-6A46-4767-BFB8-8DE44233A5FB}.Debug|Any CPU.Build.0 = Debug|Any CPU
		{D133AE37-6A46-4767-BFB8-8DE44233A5FB}.Release|Any CPU.ActiveCfg = Release|Any CPU
		{D133AE37-6A46-4767-BFB8-8DE44233A5FB}.Release|Any CPU.Build.0 = Release|Any CPU
	EndGlobalSection
	GlobalSection(SolutionProperties) = preSolution
		HideSolutionNode = FALSE
	EndGlobalSection
EndGlobal
